
Microsoft Visual Studio Solution File, Format Version 12.00
# Visual Studio Version 16
VisualStudioVersion = 16.0.31205.134
MinimumVisualStudioVersion = 10.0.40219.1
Project("{FAE04EC0-301F-11D3-BF4B-00C04F79EFBC}") = "EmailRegex", "EmailRegex\EmailRegex.csproj", "{81DC0A79-BB2F-4090-9DB4-6C05BD6C485D}"
EndProject
Global
	GlobalSection(SolutionConfigurationPlatforms) = preSolution
		Debug|Any CPU = Debug|Any CPU
		Release|Any CPU = Release|Any CPU
	EndGlobalSection
	GlobalSection(ProjectConfigurationPlatforms) = postSolution
		{81DC0A79-BB2F-4090-9DB4-6C05BD6C485D}.Debug|Any CPU.ActiveCfg = Debug|Any CPU
		{81DC0A79-BB2F-4090-9DB4-6C05BD6C485D}.Debug|Any CPU.Build.0 = Debug|Any CPU
		{81DC0A79-BB2F-4090-9DB4-6C05BD6C485D}.Release|Any CPU.ActiveCfg = Release|Any CPU
		{81DC0A79-BB2F-4090-9DB4-6C05BD6C485D}.Release|Any CPU.Build.0 = Release|Any CPU
	EndGlobalSection
	GlobalSection(SolutionProperties) = preSolution
		HideSolutionNode = FALSE
	EndGlobalSection
	GlobalSection(ExtensibilityGlobals) = postSolution
		SolutionGuid = {E9442465-18BC-4DA2-896D-FF912B3A6363}
	EndGlobalSection
EndGlobal
